
Microsoft Visual Studio Solution File, Format Version 12.00
# Visual Studio Version 16
VisualStudioVersion = 16.0.30804.86
MinimumVisualStudioVersion = 10.0.40219.1
Project("{2150E333-8FDC-42A3-9474-1A3956D46DE8}") = "Solution Items", "Solution Items", "{144BF8BF-66FB-4C15-9CE9-24EE68DBF7E3}"
	ProjectSection(SolutionItems) = preProject
		index.html = index.html
	EndProjectSection
EndProject
Project("{2150E333-8FDC-42A3-9474-1A3956D46DE8}") = "CSS", "CSS", "{8672287E-8350-4396-8123-9964BA23F4AA}"
	ProjectSection(SolutionItems) = preProject
		CSS\styles.css = CSS\styles.css
	EndProjectSection
EndProject
Project("{2150E333-8FDC-42A3-9474-1A3956D46DE8}") = "Images", "Images", "{6546682F-8831-4917-8F44-A9ACD4997503}"
	ProjectSection(SolutionItems) = preProject
		Images\cloud.png = Images\cloud.png
		Images\Kahve_Icon.ico = Images\Kahve_Icon.ico
		Images\mountain.png = Images\mountain.png
	EndProjectSection
EndProject
Global
	GlobalSection(SolutionProperties) = preSolution
		HideSolutionNode = FALSE
	EndGlobalSection
	GlobalSection(NestedProjects) = preSolution
		{8672287E-8350-4396-8123-9964BA23F4AA} = {144BF8BF-66FB-4C15-9CE9-24EE68DBF7E3}
		{6546682F-8831-4917-8F44-A9ACD4997503} = {144BF8BF-66FB-4C15-9CE9-24EE68DBF7E3}
	EndGlobalSection
	GlobalSection(ExtensibilityGlobals) = postSolution
		SolutionGuid = {909C0D03-5893-4043-9E0E-DB694E8CAB40}
	EndGlobalSection
EndGlobal
